
Microsoft Visual Studio Solution File, Format Version 12.00
# Visual Studio Version 17
VisualStudioVersion = 17.0.31903.59
MinimumVisualStudioVersion = 10.0.40219.1
Project("{FAE04EC0-301F-11D3-BF4B-00C04F79EFBC}") = "Expenses.Api", "Expenses.Api\Expenses.Api.csproj", "{21FEF4AC-F442-4103-A23C-FAA928E3BC84}"
EndProject
Project("{FAE04EC0-301F-11D3-BF4B-00C04F79EFBC}") = "Expenses.Core", "Expenses.Core\Expenses.Core.csproj", "{B6B96090-5D6F-434F-B1F6-0C7F82836CAD}"
EndProject
Project("{FAE04EC0-301F-11D3-BF4B-00C04F79EFBC}") = "Expenses.IoC", "Expenses.IoC\Expenses.IoC.csproj", "{5C4B64DE-B2F6-4F14-8452-9556D17C00CE}"
EndProject
Project("{FAE04EC0-301F-11D3-BF4B-00C04F79EFBC}") = "Expenses.Repository", "Expenses.Repository\Expenses.Repository.csproj", "{7FA9B86E-3807-48C4-A6D5-27C50837865C}"
EndProject
Global
	GlobalSection(SolutionConfigurationPlatforms) = preSolution
		Debug|Any CPU = Debug|Any CPU
		Release|Any CPU = Release|Any CPU
	EndGlobalSection
	GlobalSection(SolutionProperties) = preSolution
		HideSolutionNode = FALSE
	EndGlobalSection
	GlobalSection(ProjectConfigurationPlatforms) = postSolution
		{21FEF4AC-F442-4103-A23C-FAA928E3BC84}.Debug|Any CPU.ActiveCfg = Debug|Any CPU
		{21FEF4AC-F442-4103-A23C-FAA928E3BC84}.Debug|Any CPU.Build.0 = Debug|Any CPU
		{21FEF4AC-F442-4103-A23C-FAA928E3BC84}.Release|Any CPU.ActiveCfg = Release|Any CPU
		{21FEF4AC-F442-4103-A23C-FAA928E3BC84}.Release|Any CPU.Build.0 = Release|Any CPU
		{B6B96090-5D6F-434F-B1F6-0C7F82836CAD}.Debug|Any CPU.ActiveCfg = Debug|Any CPU
		{B6B96090-5D6F-434F-B1F6-0C7F82836CAD}.Debug|Any CPU.Build.0 = Debug|Any CPU
		{B6B96090-5D6F-434F-B1F6-0C7F82836CAD}.Release|Any CPU.ActiveCfg = Release|Any CPU
		{B6B96090-5D6F-434F-B1F6-0C7F82836CAD}.Release|Any CPU.Build.0 = Release|Any CPU
		{5C4B64DE-B2F6-4F14-8452-9556D17C00CE}.Debug|Any CPU.ActiveCfg = Debug|Any CPU
		{5C4B64DE-B2F6-4F14-8452-9556D17C00CE}.Debug|Any CPU.Build.0 = Debug|Any CPU
		{5C4B64DE-B2F6-4F14-8452-9556D17C00CE}.Release|Any CPU.ActiveCfg = Release|Any CPU
		{5C4B64DE-B2F6-4F14-8452-9556D17C00CE}.Release|Any CPU.Build.0 = Release|Any CPU
		{7FA9B86E-3807-48C4-A6D5-27C50837865C}.Debug|Any CPU.ActiveCfg = Debug|Any CPU
		{7FA9B86E-3807-48C4-A6D5-27C50837865C}.Debug|Any CPU.Build.0 = Debug|Any CPU
		{7FA9B86E-3807-48C4-A6D5-27C50837865C}.Release|Any CPU.ActiveCfg = Release|Any CPU
		{7FA9B86E-3807-48C4-A6D5-27C50837865C}.Release|Any CPU.Build.0 = Release|Any CPU
	EndGlobalSection
EndGlobal
